
Microsoft Visual Studio Solution File, Format Version 12.00
# Visual Studio Version 16
VisualStudioVersion = 16.0.29920.165
MinimumVisualStudioVersion = 10.0.40219.1
Project("{9A19103F-16F7-4668-BE54-9A1E7A4F7556}") = "3_layer_shop.WEB", "3_layer_shop.WEB\3_layer_shop.WEB.csproj", "{6243B1EB-C7DC-4843-B405-D67A0567109B}"
EndProject
Project("{9A19103F-16F7-4668-BE54-9A1E7A4F7556}") = "3_layer_shop.DAL", "3_layer_shop.DAL\3_layer_shop.DAL.csproj", "{F02DC4FE-D40A-43DE-9C3E-E898AAF28E51}"
EndProject
Project("{9A19103F-16F7-4668-BE54-9A1E7A4F7556}") = "3_layer_shop.BLL", "3_layer_shop.BLL\3_layer_shop.BLL.csproj", "{2CC8EFB9-CEE8-4F18-99C0-FDA053A0C0AB}"
EndProject
Global
	GlobalSection(SolutionConfigurationPlatforms) = preSolution
		Debug|Any CPU = Debug|Any CPU
		Release|Any CPU = Release|Any CPU
	EndGlobalSection
	GlobalSection(ProjectConfigurationPlatforms) = postSolution
		{6243B1EB-C7DC-4843-B405-D67A0567109B}.Debug|Any CPU.ActiveCfg = Debug|Any CPU
		{6243B1EB-C7DC-4843-B405-D67A0567109B}.Debug|Any CPU.Build.0 = Debug|Any CPU
		{6243B1EB-C7DC-4843-B405-D67A0567109B}.Release|Any CPU.ActiveCfg = Release|Any CPU
		{6243B1EB-C7DC-4843-B405-D67A0567109B}.Release|Any CPU.Build.0 = Release|Any CPU
		{F02DC4FE-D40A-43DE-9C3E-E898AAF28E51}.Debug|Any CPU.ActiveCfg = Debug|Any CPU
		{F02DC4FE-D40A-43DE-9C3E-E898AAF28E51}.Debug|Any CPU.Build.0 = Debug|Any CPU
		{F02DC4FE-D40A-43DE-9C3E-E898AAF28E51}.Release|Any CPU.ActiveCfg = Release|Any CPU
		{F02DC4FE-D40A-43DE-9C3E-E898AAF28E51}.Release|Any CPU.Build.0 = Release|Any CPU
		{2CC8EFB9-CEE8-4F18-99C0-FDA053A0C0AB}.Debug|Any CPU.ActiveCfg = Debug|Any CPU
		{2CC8EFB9-CEE8-4F18-99C0-FDA053A0C0AB}.Debug|Any CPU.Build.0 = Debug|Any CPU
		{2CC8EFB9-CEE8-4F18-99C0-FDA053A0C0AB}.Release|Any CPU.ActiveCfg = Release|Any CPU
		{2CC8EFB9-CEE8-4F18-99C0-FDA053A0C0AB}.Release|Any CPU.Build.0 = Release|Any CPU
	EndGlobalSection
	GlobalSection(SolutionProperties) = preSolution
		HideSolutionNode = FALSE
	EndGlobalSection
	GlobalSection(ExtensibilityGlobals) = postSolution
		SolutionGuid = {34C2E39D-9AE3-4F21-B607-9CE3148C9C69}
	EndGlobalSection
EndGlobal
